
Microsoft Visual Studio Solution File, Format Version 12.00
# Visual Studio Version 17
VisualStudioVersion = 17.2.32616.157
MinimumVisualStudioVersion = 10.0.40219.1
Project("{9A19103F-16F7-4668-BE54-9A1E7A4F7556}") = "CodingJournal.API", "CodingJournal.API\CodingJournal.API.csproj", "{9D692FB2-5600-49B5-BDA5-2FC989B5085F}"
EndProject
Project("{9A19103F-16F7-4668-BE54-9A1E7A4F7556}") = "CodingJournal.Tests", "CodingJournal.Tests\CodingJournal.Tests.csproj", "{2FD51B2A-200C-4CE8-AB2C-8F8C7EE82B1F}"
EndProject
Project("{E53339B2-1760-4266-BCC7-CA923CBCF16C}") = "docker-compose", "CodingJournal.API\docker-compose.dcproj", "{882EBE4D-FA8F-46C3-B041-5BD0F4514C5D}"
EndProject
Global
	GlobalSection(SolutionConfigurationPlatforms) = preSolution
		Debug|Any CPU = Debug|Any CPU
		Release|Any CPU = Release|Any CPU
	EndGlobalSection
	GlobalSection(ProjectConfigurationPlatforms) = postSolution
		{9D692FB2-5600-49B5-BDA5-2FC989B5085F}.Debug|Any CPU.ActiveCfg = Debug|Any CPU
		{9D692FB2-5600-49B5-BDA5-2FC989B5085F}.Debug|Any CPU.Build.0 = Debug|Any CPU
		{9D692FB2-5600-49B5-BDA5-2FC989B5085F}.Release|Any CPU.ActiveCfg = Release|Any CPU
		{9D692FB2-5600-49B5-BDA5-2FC989B5085F}.Release|Any CPU.Build.0 = Release|Any CPU
		{2FD51B2A-200C-4CE8-AB2C-8F8C7EE82B1F}.Debug|Any CPU.ActiveCfg = Debug|Any CPU
		{2FD51B2A-200C-4CE8-AB2C-8F8C7EE82B1F}.Debug|Any CPU.Build.0 = Debug|Any CPU
		{2FD51B2A-200C-4CE8-AB2C-8F8C7EE82B1F}.Release|Any CPU.ActiveCfg = Release|Any CPU
		{2FD51B2A-200C-4CE8-AB2C-8F8C7EE82B1F}.Release|Any CPU.Build.0 = Release|Any CPU
		{882EBE4D-FA8F-46C3-B041-5BD0F4514C5D}.Debug|Any CPU.ActiveCfg = Debug|Any CPU
		{882EBE4D-FA8F-46C3-B041-5BD0F4514C5D}.Debug|Any CPU.Build.0 = Debug|Any CPU
		{882EBE4D-FA8F-46C3-B041-5BD0F4514C5D}.Release|Any CPU.ActiveCfg = Release|Any CPU
		{882EBE4D-FA8F-46C3-B041-5BD0F4514C5D}.Release|Any CPU.Build.0 = Release|Any CPU
	EndGlobalSection
	GlobalSection(SolutionProperties) = preSolution
		HideSolutionNode = FALSE
	EndGlobalSection
	GlobalSection(ExtensibilityGlobals) = postSolution
		SolutionGuid = {B20B952E-042C-4285-A4FF-23B4C6CCCD71}
	EndGlobalSection
EndGlobal
